
Microsoft Visual Studio Solution File, Format Version 12.00
# Visual Studio 15
VisualStudioVersion = 15.0.27130.2024
MinimumVisualStudioVersion = 10.0.40219.1
Project("{FAE04EC0-301F-11D3-BF4B-00C04F79EFBC}") = "PriceTagUI", "PriceTag\PriceTagUI.csproj", "{B3877978-70F5-42F5-959F-8CA4A4531056}"
EndProject
Project("{FAE04EC0-301F-11D3-BF4B-00C04F79EFBC}") = "MKMAPI", "MKMAPI\MKMAPI.csproj", "{4D6210F6-970E-4159-8D82-A36CCB38F002}"
EndProject
Global
	GlobalSection(SolutionConfigurationPlatforms) = preSolution
		Debug|Any CPU = Debug|Any CPU
		Release|Any CPU = Release|Any CPU
	EndGlobalSection
	GlobalSection(ProjectConfigurationPlatforms) = postSolution
		{B3877978-70F5-42F5-959F-8CA4A4531056}.Debug|Any CPU.ActiveCfg = Debug|Any CPU
		{B3877978-70F5-42F5-959F-8CA4A4531056}.Debug|Any CPU.Build.0 = Debug|Any CPU
		{B3877978-70F5-42F5-959F-8CA4A4531056}.Release|Any CPU.ActiveCfg = Release|Any CPU
		{B3877978-70F5-42F5-959F-8CA4A4531056}.Release|Any CPU.Build.0 = Release|Any CPU
		{4D6210F6-970E-4159-8D82-A36CCB38F002}.Debug|Any CPU.ActiveCfg = Debug|Any CPU
		{4D6210F6-970E-4159-8D82-A36CCB38F002}.Debug|Any CPU.Build.0 = Debug|Any CPU
		{4D6210F6-970E-4159-8D82-A36CCB38F002}.Release|Any CPU.ActiveCfg = Release|Any CPU
		{4D6210F6-970E-4159-8D82-A36CCB38F002}.Release|Any CPU.Build.0 = Release|Any CPU
	EndGlobalSection
	GlobalSection(SolutionProperties) = preSolution
		HideSolutionNode = FALSE
	EndGlobalSection
	GlobalSection(ExtensibilityGlobals) = postSolution
		SolutionGuid = {4C67F8DC-6DF6-4D5F-A04E-6F80DEA1AD16}
	EndGlobalSection
EndGlobal
